Microsoft Visual Studio Solution File, Format Version 12.00
# Visual Studio Version 17
VisualStudioVersion = 17.5.2.0
MinimumVisualStudioVersion = 10.0.40219.1
Project("{FAE04EC0-301F-11D3-BF4B-00C04F79EFBC}") = "GamingCafeAPI", "GamingCafeAPI\GamingCafeAPI.csproj", "{CE494770-F9A1-991F-CE84-6BCF7B49DEC1}"
EndProject
Global
	GlobalSection(SolutionConfigurationPlatforms) = preSolution
		Debug|Any CPU = Debug|Any CPU
		Release|Any CPU = Release|Any CPU
	EndGlobalSection
	GlobalSection(ProjectConfigurationPlatforms) = postSolution
		{CE494770-F9A1-991F-CE84-6BCF7B49DEC1}.Debug|Any CPU.ActiveCfg = Debug|Any CPU
		{CE494770-F9A1-991F-CE84-6BCF7B49DEC1}.Debug|Any CPU.Build.0 = Debug|Any CPU
		{CE494770-F9A1-991F-CE84-6BCF7B49DEC1}.Release|Any CPU.ActiveCfg = Release|Any CPU
		{CE494770-F9A1-991F-CE84-6BCF7B49DEC1}.Release|Any CPU.Build.0 = Release|Any CPU
	EndGlobalSection
	GlobalSection(SolutionProperties) = preSolution
		HideSolutionNode = FALSE
	EndGlobalSection
	GlobalSection(ExtensibilityGlobals) = postSolution
		SolutionGuid = {AEC8AF45-9AD8-4509-9E73-D58DC00A6EAE}
	EndGlobalSection
EndGlobal
